// !$*UTF8*$!
{
	archiveVersion = 1;
	classes = {
	};
	objectVersion = 55;
	objects = {

/* Begin PBXBuildFile section */
		FF0AC29D2835E94E00E03FFA /* StringWithID.swift in Sources */ = {isa = PBXBuildFile; fileRef = FF0AC29C2835E94E00E03FFA /* StringWithID.swift */; };
		FF219E45282E9C1A00612D9C /* PetProfileView.swift in Sources */ = {isa = PBXBuildFile; fileRef = FF219E44282E9C1A00612D9C /* PetProfileView.swift */; };
		FF2927DD2836834B00FEBF5B /* AddStringSectionVIew.swift in Sources */ = {isa = PBXBuildFile; fileRef = FF2927DC2836834B00FEBF5B /* AddStringSectionVIew.swift */; };
		FF371F062836DB8B0026AADC /* ProfileImageViews.swift in Sources */ = {isa = PBXBuildFile; fileRef = FF371F052836DB8B0026AADC /* ProfileImageViews.swift */; };
		FF486401283532E900986F1D /* ImagePicker.swift in Sources */ = {isa = PBXBuildFile; fileRef = FF486400283532E900986F1D /* ImagePicker.swift */; };
		FF6292162833EB800091C678 /* PetTemperament.swift in Sources */ = {isa = PBXBuildFile; fileRef = FF6292152833EB800091C678 /* PetTemperament.swift */; };
		FFA1572F282E935400E2ECED /* Perfil_PeludoApp.swift in Sources */ = {isa = PBXBuildFile; fileRef = FFA1572E282E935400E2ECED /* Perfil_PeludoApp.swift */; };
		FFA15731282E935400E2ECED /* AllPetsView.swift in Sources */ = {isa = PBXBuildFile; fileRef = FFA15730282E935400E2ECED /* AllPetsView.swift */; };
		FFA15733282E935400E2ECED /* Assets.xcassets in Resources */ = {isa = PBXBuildFile; fileRef = FFA15732282E935400E2ECED /* Assets.xcassets */; };
		FFA15736282E935400E2ECED /* Preview Assets.xcassets in Resources */ = {isa = PBXBuildFile; fileRef = FFA15735282E935400E2ECED /* Preview Assets.xcassets */; };
		FFA15740282E935400E2ECED /* Perfil_PeludoTests.swift in Sources */ = {isa = PBXBuildFile; fileRef = FFA1573F282E935400E2ECED /* Perfil_PeludoTests.swift */; };
		FFA1574A282E935400E2ECED /* Perfil_PeludoUITests.swift in Sources */ = {isa = PBXBuildFile; fileRef = FFA15749282E935400E2ECED /* Perfil_PeludoUITests.swift */; };
		FFA1574C282E935400E2ECED /* Perfil_PeludoUITestsLaunchTests.swift in Sources */ = {isa = PBXBuildFile; fileRef = FFA1574B282E935400E2ECED /* Perfil_PeludoUITestsLaunchTests.swift */; };
		FFF94E8E2832668C00D342D2 /* AddPetView.swift in Sources */ = {isa = PBXBuildFile; fileRef = FFF94E8D2832668C00D342D2 /* AddPetView.swift */; };
		FFF94E9028326BDD00D342D2 /* Pets.swift in Sources */ = {isa = PBXBuildFile; fileRef = FFF94E8F28326BDD00D342D2 /* Pets.swift */; };
		FFF94E9228328B6200D342D2 /* Teste.swift in Sources */ = {isa = PBXBuildFile; fileRef = FFF94E9128328B6200D342D2 /* Teste.swift */; };
/* End PBXBuildFile section */

/* Begin PBXContainerItemProxy section */
		FFA1573C282E935400E2ECED /* PBXContainerItemProxy */ = {
			isa = PBXContainerItemProxy;
			containerPortal = FFA15723282E935400E2ECED /* Project object */;
			proxyType = 1;
			remoteGlobalIDString = FFA1572A282E935400E2ECED;
			remoteInfo = Perfil_Peludo;
		};
		FFA15746282E935400E2ECED /* PBXContainerItemProxy */ = {
			isa = PBXContainerItemProxy;
			containerPortal = FFA15723282E935400E2ECED /* Project object */;
			proxyType = 1;
			remoteGlobalIDString = FFA1572A282E935400E2ECED;
			remoteInfo = Perfil_Peludo;
		};
/* End PBXContainerItemProxy section */

/* Begin PBXFileReference section */
		FF0AC29C2835E94E00E03FFA /* StringWithID.swift */ = {isa = PBXFileReference; lastKnownFileType = sourcecode.swift; path = StringWithID.swift; sourceTree = "<group>"; };
		FF219E44282E9C1A00612D9C /* PetProfileView.swift */ = {isa = PBXFileReference; lastKnownFileType = sourcecode.swift; path = PetProfileView.swift; sourceTree = "<group>"; };
		FF2927DC2836834B00FEBF5B /* AddStringSectionVIew.swift */ = {isa = PBXFileReference; lastKnownFileType = sourcecode.swift; path = AddStringSectionVIew.swift; sourceTree = "<group>"; };
		FF371F052836DB8B0026AADC /* ProfileImageViews.swift */ = {isa = PBXFileReference; lastKnownFileType = sourcecode.swift; path = ProfileImageViews.swift; sourceTree = "<group>"; };
		FF486400283532E900986F1D /* ImagePicker.swift */ = {isa = PBXFileReference; lastKnownFileType = sourcecode.swift; path = ImagePicker.swift; sourceTree = "<group>"; };
		FF6292152833EB800091C678 /* PetTemperament.swift */ = {isa = PBXFileReference; lastKnownFileType = sourcecode.swift; path = PetTemperament.swift; sourceTree = "<group>"; };
		FFA1572B282E935400E2ECED /* Perfil_Peludo.app */ = {isa = PBXFileReference; explicitFileType = wrapper.application; includeInIndex = 0; path = Perfil_Peludo.app; sourceTree = BUILT_PRODUCTS_DIR; };
		FFA1572E282E935400E2ECED /* Perfil_PeludoApp.swift */ = {isa = PBXFileReference; lastKnownFileType = sourcecode.swift; path = Perfil_PeludoApp.swift; sourceTree = "<group>"; };
		FFA15730282E935400E2ECED /* AllPetsView.swift */ = {isa = PBXFileReference; lastKnownFileType = sourcecode.swift; path = AllPetsView.swift; sourceTree = "<group>"; };
		FFA15732282E935400E2ECED /* Assets.xcassets */ = {isa = PBXFileReference; lastKnownFileType = folder.assetcatalog; path = Assets.xcassets; sourceTree = "<group>"; };
		FFA15735282E935400E2ECED /* Preview Assets.xcassets */ = {isa = PBXFileReference; lastKnownFileType = folder.assetcatalog; path = "Preview Assets.xcassets"; sourceTree = "<group>"; };
		FFA1573B282E935400E2ECED /* Perfil_PeludoTests.xctest */ = {isa = PBXFileReference; explicitFileType = wrapper.cfbundle; includeInIndex = 0; path = Perfil_PeludoTests.xctest; sourceTree = BUILT_PRODUCTS_DIR; };
		FFA1573F282E935400E2ECED /* Perfil_PeludoTests.swift */ = {isa = PBXFileReference; lastKnownFileType = sourcecode.swift; path = Perfil_PeludoTests.swift; sourceTree = "<group>"; };
		FFA15745282E935400E2ECED /* Perfil_PeludoUITests.xctest */ = {isa = PBXFileReference; explicitFileType = wrapper.cfbundle; includeInIndex = 0; path = Perfil_PeludoUITests.xctest; sourceTree = BUILT_PRODUCTS_DIR; };
		FFA15749282E935400E2ECED /* Perfil_PeludoUITests.swift */ = {isa = PBXFileReference; lastKnownFileType = sourcecode.swift; path = Perfil_PeludoUITests.swift; sourceTree = "<group>"; };
		FFA1574B282E935400E2ECED /* Perfil_PeludoUITestsLaunchTests.swift */ = {isa = PBXFileReference; lastKnownFileType = sourcecode.swift; path = Perfil_PeludoUITestsLaunchTests.swift; sourceTree = "<group>"; };
		FFF94E8D2832668C00D342D2 /* AddPetView.swift */ = {isa = PBXFileReference; lastKnownFileType = sourcecode.swift; path = AddPetView.swift; sourceTree = "<group>"; };
		FFF94E8F28326BDD00D342D2 /* Pets.swift */ = {isa = PBXFileReference; lastKnownFileType = sourcecode.swift; path = Pets.swift; sourceTree = "<group>"; };
		FFF94E9128328B6200D342D2 /* Teste.swift */ = {isa = PBXFileReference; lastKnownFileType = sourcecode.swift; path = Teste.swift; sourceTree = "<group>"; };
/* End PBXFileReference section */

/* Begin PBXFrameworksBuildPhase section */
		FFA15728282E935400E2ECED /* Frameworks */ = {
			isa = PBXFrameworksBuildPhase;
			buildActionMask = 2147483647;
			files = (
			);
			runOnlyForDeploymentPostprocessing = 0;
		};
		FFA15738282E935400E2ECED /* Frameworks */ = {
			isa = PBXFrameworksBuildPhase;
			buildActionMask = 2147483647;
			files = (
			);
			runOnlyForDeploymentPostprocessing = 0;
		};
		FFA15742282E935400E2ECED /* Frameworks */ = {
			isa = PBXFrameworksBuildPhase;
			buildActionMask = 2147483647;
			files = (
			);
			runOnlyForDeploymentPostprocessing = 0;
		};
/* End PBXFrameworksBuildPhase section */

/* Begin PBXGroup section */
		FFA15722282E935400E2ECED = {
			isa = PBXGroup;
			children = (
				FFA1572D282E935400E2ECED /* Perfil_Peludo */,
				FFA1573E282E935400E2ECED /* Perfil_PeludoTests */,
				FFA15748282E935400E2ECED /* Perfil_PeludoUITests */,
				FFA1572C282E935400E2ECED /* Products */,
			);
			sourceTree = "<group>";
		};
		FFA1572C282E935400E2ECED /* Products */ = {
			isa = PBXGroup;
			children = (
				FFA1572B282E935400E2ECED /* Perfil_Peludo.app */,
				FFA1573B282E935400E2ECED /* Perfil_PeludoTests.xctest */,
				FFA15745282E935400E2ECED /* Perfil_PeludoUITests.xctest */,
			);
			name = Products;
			sourceTree = "<group>";
		};
		FFA1572D282E935400E2ECED /* Perfil_Peludo */ = {
			isa = PBXGroup;
			children = (
				FFB2DAD82832D87A00439FB9 /* Utilities */,
				FFB2DAD72832D85100439FB9 /* Views */,
				FFF94E9128328B6200D342D2 /* Teste.swift */,
				FFA15732282E935400E2ECED /* Assets.xcassets */,
				FFA15734282E935400E2ECED /* Preview Content */,
			);
			path = Perfil_Peludo;
			sourceTree = "<group>";
		};
		FFA15734282E935400E2ECED /* Preview Content */ = {
			isa = PBXGroup;
			children = (
				FFA15735282E935400E2ECED /* Preview Assets.xcassets */,
			);
			path = "Preview Content";
			sourceTree = "<group>";
		};
		FFA1573E282E935400E2ECED /* Perfil_PeludoTests */ = {
			isa = PBXGroup;
			children = (
				FFA1573F282E935400E2ECED /* Perfil_PeludoTests.swift */,
			);
			path = Perfil_PeludoTests;
			sourceTree = "<group>";
		};
		FFA15748282E935400E2ECED /* Perfil_PeludoUITests */ = {
			isa = PBXGroup;
			children = (
				FFA15749282E935400E2ECED /* Perfil_PeludoUITests.swift */,
				FFA1574B282E935400E2ECED /* Perfil_PeludoUITestsLaunchTests.swift */,
			);
			path = Perfil_PeludoUITests;
			sourceTree = "<group>";
		};
		FFB2DAD72832D85100439FB9 /* Views */ = {
			isa = PBXGroup;
			children = (
				FFA1572E282E935400E2ECED /* Perfil_PeludoApp.swift */,
				FFA15730282E935400E2ECED /* AllPetsView.swift */,
				FF219E44282E9C1A00612D9C /* PetProfileView.swift */,
				FFF94E8D2832668C00D342D2 /* AddPetView.swift */,
				FF2927DC2836834B00FEBF5B /* AddStringSectionVIew.swift */,
				FF371F052836DB8B0026AADC /* ProfileImageViews.swift */,
			);
			path = Views;
			sourceTree = "<group>";
		};
		FFB2DAD82832D87A00439FB9 /* Utilities */ = {
			isa = PBXGroup;
			children = (
				FFF94E8F28326BDD00D342D2 /* Pets.swift */,
				FF6292152833EB800091C678 /* PetTemperament.swift */,
				FF486400283532E900986F1D /* ImagePicker.swift */,
				FF0AC29C2835E94E00E03FFA /* StringWithID.swift */,
			);
			path = Utilities;
			sourceTree = "<group>";
		};
/* End PBXGroup section */

/* Begin PBXNativeTarget section */
		FFA1572A282E935400E2ECED /* Perfil_Peludo */ = {
			isa = PBXNativeTarget;
			buildConfigurationList = FFA1574F282E935400E2ECED /* Build configuration list for PBXNativeTarget "Perfil_Peludo" */;
			buildPhases = (
				FFA15727282E935400E2ECED /* Sources */,
				FFA15728282E935400E2ECED /* Frameworks */,
				FFA15729282E935400E2ECED /* Resources */,
			);
			buildRules = (
			);
			dependencies = (
			);
			name = Perfil_Peludo;
			productName = Perfil_Peludo;
			productReference = FFA1572B282E935400E2ECED /* Perfil_Peludo.app */;
			productType = "com.apple.product-type.application";
		};
		FFA1573A282E935400E2ECED /* Perfil_PeludoTests */ = {
			isa = PBXNativeTarget;
			buildConfigurationList = FFA15752282E935400E2ECED /* Build configuration list for PBXNativeTarget "Perfil_PeludoTests" */;
			buildPhases = (
				FFA15737282E935400E2ECED /* Sources */,
				FFA15738282E935400E2ECED /* Frameworks */,
				FFA15739282E935400E2ECED /* Resources */,
			);
			buildRules = (
			);
			dependencies = (
				FFA1573D282E935400E2ECED /* PBXTargetDependency */,
			);
			name = Perfil_PeludoTests;
			productName = Perfil_PeludoTests;
			productReference = FFA1573B282E935400E2ECED /* Perfil_PeludoTests.xctest */;
			productType = "com.apple.product-type.bundle.unit-test";
		};
		FFA15744282E935400E2ECED /* Perfil_PeludoUITests */ = {
			isa = PBXNativeTarget;
			buildConfigurationList = FFA15755282E935400E2ECED /* Build configuration list for PBXNativeTarget "Perfil_PeludoUITests" */;
			buildPhases = (
				FFA15741282E935400E2ECED /* Sources */,
				FFA15742282E935400E2ECED /* Frameworks */,
				FFA15743282E935400E2ECED /* Resources */,
			);
			buildRules = (
			);
			dependencies = (
				FFA15747282E935400E2ECED /* PBXTargetDependency */,
			);
			name = Perfil_PeludoUITests;
			productName = Perfil_PeludoUITests;
			productReference = FFA15745282E935400E2ECED /* Perfil_PeludoUITests.xctest */;
			productType = "com.apple.product-type.bundle.ui-testing";
		};
/* End PBXNativeTarget section */

/* Begin PBXProject section */
		FFA15723282E935400E2ECED /* Project object */ = {
			isa = PBXProject;
			attributes = {
				BuildIndependentTargetsInParallel = 1;
				LastSwiftUpdateCheck = 1330;
				LastUpgradeCheck = 1330;
				TargetAttributes = {
					FFA1572A282E935400E2ECED = {
						CreatedOnToolsVersion = 13.3.1;
					};
					FFA1573A282E935400E2ECED = {
						CreatedOnToolsVersion = 13.3.1;
						TestTargetID = FFA1572A282E935400E2ECED;
					};
					FFA15744282E935400E2ECED = {
						CreatedOnToolsVersion = 13.3.1;
						TestTargetID = FFA1572A282E935400E2ECED;
					};
				};
			};
			buildConfigurationList = FFA15726282E935400E2ECED /* Build configuration list for PBXProject "Perfil_Peludo" */;
			compatibilityVersion = "Xcode 13.0";
			developmentRegion = en;
			hasScannedForEncodings = 0;
			knownRegions = (
				en,
				Base,
			);
			mainGroup = FFA15722282E935400E2ECED;
			productRefGroup = FFA1572C282E935400E2ECED /* Products */;
			projectDirPath = "";
			projectRoot = "";
			targets = (
				FFA1572A282E935400E2ECED /* Perfil_Peludo */,
				FFA1573A282E935400E2ECED /* Perfil_PeludoTests */,
				FFA15744282E935400E2ECED /* Perfil_PeludoUITests */,
			);
		};
/* End PBXProject section */

/* Begin PBXResourcesBuildPhase section */
		FFA15729282E935400E2ECED /* Resources */ = {
			isa = PBXResourcesBuildPhase;
			buildActionMask = 2147483647;
			files = (
				FFA15736282E935400E2ECED /* Preview Assets.xcassets in Resources */,
				FFA15733282E935400E2ECED /* Assets.xcassets in Resources */,
			);
			runOnlyForDeploymentPostprocessing = 0;
		};
		FFA15739282E935400E2ECED /* Resources */ = {
			isa = PBXResourcesBuildPhase;
			buildActionMask = 2147483647;
			files = (
			);
			runOnlyForDeploymentPostprocessing = 0;
		};
		FFA15743282E935400E2ECED /* Resources */ = {
			isa = PBXResourcesBuildPhase;
			buildActionMask = 2147483647;
			files = (
			);
			runOnlyForDeploymentPostprocessing = 0;
		};
/* End PBXResourcesBuildPhase section */

/* Begin PBXSourcesBuildPhase section */
		FFA15727282E935400E2ECED /* Sources */ = {
			isa = PBXSourcesBuildPhase;
			buildActionMask = 2147483647;
			files = (
				FFA15731282E935400E2ECED /* AllPetsView.swift in Sources */,
				FF0AC29D2835E94E00E03FFA /* StringWithID.swift in Sources */,
				FF219E45282E9C1A00612D9C /* PetProfileView.swift in Sources */,
				FFA1572F282E935400E2ECED /* Perfil_PeludoApp.swift in Sources */,
				FFF94E8E2832668C00D342D2 /* AddPetView.swift in Sources */,
				FFF94E9028326BDD00D342D2 /* Pets.swift in Sources */,
				FF486401283532E900986F1D /* ImagePicker.swift in Sources */,
				FF2927DD2836834B00FEBF5B /* AddStringSectionVIew.swift in Sources */,
				FF371F062836DB8B0026AADC /* ProfileImageViews.swift in Sources */,
				FFF94E9228328B6200D342D2 /* Teste.swift in Sources */,
				FF6292162833EB800091C678 /* PetTemperament.swift in Sources */,
			);
			runOnlyForDeploymentPostprocessing = 0;
		};
		FFA15737282E935400E2ECED /* Sources */ = {
			isa = PBXSourcesBuildPhase;
			buildActionMask = 2147483647;
			files = (
				FFA15740282E935400E2ECED /* Perfil_PeludoTests.swift in Sources */,
			);
			runOnlyForDeploymentPostprocessing = 0;
		};
		FFA15741282E935400E2ECED /* Sources */ = {
			isa = PBXSourcesBuildPhase;
			buildActionMask = 2147483647;
			files = (
				FFA1574A282E935400E2ECED /* Perfil_PeludoUITests.swift in Sources */,
				FFA1574C282E935400E2ECED /* Perfil_PeludoUITestsLaunchTests.swift in Sources */,
			);
			runOnlyForDeploymentPostprocessing = 0;
		};
/* End PBXSourcesBuildPhase section */

/* Begin PBXTargetDependency section */
		FFA1573D282E935400E2ECED /* PBXTargetDependency */ = {
			isa = PBXTargetDependency;
			target = FFA1572A282E935400E2ECED /* Perfil_Peludo */;
			targetProxy = FFA1573C282E935400E2ECED /* PBXContainerItemProxy */;
		};
		FFA15747282E935400E2ECED /* PBXTargetDependency */ = {
			isa = PBXTargetDependency;
			target = FFA1572A282E935400E2ECED /* Perfil_Peludo */;
			targetProxy = FFA15746282E935400E2ECED /* PBXContainerItemProxy */;
		};
/* End PBXTargetDependency section */

/* Begin XCBuildConfiguration section */
		FFA1574D282E935400E2ECED /* Debug */ = {
			isa = XCBuildConfiguration;
			buildSettings = {
				ALWAYS_SEARCH_USER_PATHS = NO;
				CLANG_ANALYZER_NONNULL = YES;
				CLANG_ANALYZER_NUMBER_OBJECT_CONVERSION = YES_AGGRESSIVE;
				CLANG_CXX_LANGUAGE_STANDARD = "gnu++17";
				CLANG_ENABLE_MODULES = YES;
				CLANG_ENABLE_OBJC_ARC = YES;
				CLANG_ENABLE_OBJC_WEAK = YES;
				CLANG_WARN_BLOCK_CAPTURE_AUTORELEASING = YES;
				CLANG_WARN_BOOL_CONVERSION = YES;
				CLANG_WARN_COMMA = YES;
				CLANG_WARN_CONSTANT_CONVERSION = YES;
				CLANG_WARN_DEPRECATED_OBJC_IMPLEMENTATIONS = YES;
				CLANG_WARN_DIRECT_OBJC_ISA_USAGE = YES_ERROR;
				CLANG_WARN_DOCUMENTATION_COMMENTS = YES;
				CLANG_WARN_EMPTY_BODY = YES;
				CLANG_WARN_ENUM_CONVERSION = YES;
				CLANG_WARN_INFINITE_RECURSION = YES;
				CLANG_WARN_INT_CONVERSION = YES;
				CLANG_WARN_NON_LITERAL_NULL_CONVERSION = YES;
				CLANG_WARN_OBJC_IMPLICIT_RETAIN_SELF = YES;
				CLANG_WARN_OBJC_LITERAL_CONVERSION = YES;
				CLANG_WARN_OBJC_ROOT_CLASS = YES_ERROR;
				CLANG_WARN_QUOTED_INCLUDE_IN_FRAMEWORK_HEADER = YES;
				CLANG_WARN_RANGE_LOOP_ANALYSIS = YES;
				CLANG_WARN_STRICT_PROTOTYPES = YES;
				CLANG_WARN_SUSPICIOUS_MOVE = YES;
				CLANG_WARN_UNGUARDED_AVAILABILITY = YES_AGGRESSIVE;
				CLANG_WARN_UNREACHABLE_CODE = YES;
				CLANG_WARN__DUPLICATE_METHOD_MATCH = YES;
				COPY_PHASE_STRIP = NO;
				DEBUG_INFORMATION_FORMAT = dwarf;
				ENABLE_STRICT_OBJC_MSGSEND = YES;
				ENABLE_TESTABILITY = YES;
				GCC_C_LANGUAGE_STANDARD = gnu11;
				GCC_DYNAMIC_NO_PIC = NO;
				GCC_NO_COMMON_BLOCKS = YES;
				GCC_OPTIMIZATION_LEVEL = 0;
				GCC_PREPROCESSOR_DEFINITIONS = (
					"DEBUG=1",
					"$(inherited)",
				);
				GCC_WARN_64_TO_32_BIT_CONVERSION = YES;
				GCC_WARN_ABOUT_RETURN_TYPE = YES_ERROR;
				GCC_WARN_UNDECLARED_SELECTOR = YES;
				GCC_WARN_UNINITIALIZED_AUTOS = YES_AGGRESSIVE;
				GCC_WARN_UNUSED_FUNCTION = YES;
				GCC_WARN_UNUSED_VARIABLE = YES;
				IPHONEOS_DEPLOYMENT_TARGET = 15.4;
				MTL_ENABLE_DEBUG_INFO = INCLUDE_SOURCE;
				MTL_FAST_MATH = YES;
				ONLY_ACTIVE_ARCH = YES;
				SDKROOT = iphoneos;
				SWIFT_ACTIVE_COMPILATION_CONDITIONS = DEBUG;
				SWIFT_OPTIMIZATION_LEVEL = "-Onone";
			};
			name = Debug;
		};
		FFA1574E282E935400E2ECED /* Release */ = {
			isa = XCBuildConfiguration;
			buildSettings = {
				ALWAYS_SEARCH_USER_PATHS = NO;
				CLANG_ANALYZER_NONNULL = YES;
				CLANG_ANALYZER_NUMBER_OBJECT_CONVERSION = YES_AGGRESSIVE;
				CLANG_CXX_LANGUAGE_STANDARD = "gnu++17";
				CLANG_ENABLE_MODULES = YES;
				CLANG_ENABLE_OBJC_ARC = YES;
				CLANG_ENABLE_OBJC_WEAK = YES;
				CLANG_WARN_BLOCK_CAPTURE_AUTORELEASING = YES;
				CLANG_WARN_BOOL_CONVERSION = YES;
				CLANG_WARN_COMMA = YES;
				CLANG_WARN_CONSTANT_CONVERSION = YES;
				CLANG_WARN_DEPRECATED_OBJC_IMPLEMENTATIONS = YES;
				CLANG_WARN_DIRECT_OBJC_ISA_USAGE = YES_ERROR;
				CLANG_WARN_DOCUMENTATION_COMMENTS = YES;
				CLANG_WARN_EMPTY_BODY = YES;
				CLANG_WARN_ENUM_CONVERSION = YES;
				CLANG_WARN_INFINITE_RECURSION = YES;
				CLANG_WARN_INT_CONVERSION = YES;
				CLANG_WARN_NON_LITERAL_NULL_CONVERSION = YES;
				CLANG_WARN_OBJC_IMPLICIT_RETAIN_SELF = YES;
				CLANG_WARN_OBJC_LITERAL_CONVERSION = YES;
				CLANG_WARN_OBJC_ROOT_CLASS = YES_ERROR;
				CLANG_WARN_QUOTED_INCLUDE_IN_FRAMEWORK_HEADER = YES;
				CLANG_WARN_RANGE_LOOP_ANALYSIS = YES;
				CLANG_WARN_STRICT_PROTOTYPES = YES;
				CLANG_WARN_SUSPICIOUS_MOVE = YES;
				CLANG_WARN_UNGUARDED_AVAILABILITY = YES_AGGRESSIVE;
				CLANG_WARN_UNREACHABLE_CODE = YES;
				CLANG_WARN__DUPLICATE_METHOD_MATCH = YES;
				COPY_PHASE_STRIP = NO;
				DEBUG_INFORMATION_FORMAT = "dwarf-with-dsym";
				ENABLE_NS_ASSERTIONS = NO;
				ENABLE_STRICT_OBJC_MSGSEND = YES;
				GCC_C_LANGUAGE_STANDARD = gnu11;
				GCC_NO_COMMON_BLOCKS = YES;
				GCC_WARN_64_TO_32_BIT_CONVERSION = YES;
				GCC_WARN_ABOUT_RETURN_TYPE = YES_ERROR;
				GCC_WARN_UNDECLARED_SELECTOR = YES;
				GCC_WARN_UNINITIALIZED_AUTOS = YES_AGGRESSIVE;
				GCC_WARN_UNUSED_FUNCTION = YES;
				GCC_WARN_UNUSED_VARIABLE = YES;
				IPHONEOS_DEPLOYMENT_TARGET = 15.4;
				MTL_ENABLE_DEBUG_INFO = NO;
				MTL_FAST_MATH = YES;
				SDKROOT = iphoneos;
				SWIFT_COMPILATION_MODE = wholemodule;
				SWIFT_OPTIMIZATION_LEVEL = "-O";
				VALIDATE_PRODUCT = YES;
			};
			name = Release;
		};
		FFA15750282E935400E2ECED /* Debug */ = {
			isa = XCBuildConfiguration;
			buildSettings = {
				ASSETCATALOG_COMPILER_APPICON_NAME = AppIcon;
				ASSETCATALOG_COMPILER_GLOBAL_ACCENT_COLOR_NAME = AccentColor;
				CODE_SIGN_STYLE = Automatic;
				CURRENT_PROJECT_VERSION = 1;
				DEVELOPMENT_ASSET_PATHS = "\"Perfil_Peludo/Preview Content\"";
				DEVELOPMENT_TEAM = NTS86MKTBV;
				ENABLE_PREVIEWS = YES;
				GENERATE_INFOPLIST_FILE = YES;
				INFOPLIST_KEY_UIApplicationSceneManifest_Generation = YES;
				INFOPLIST_KEY_UIApplicationSupportsIndirectInputEvents = YES;
				INFOPLIST_KEY_UILaunchScreen_Generation = YES;
				INFOPLIST_KEY_UISupportedInterfaceOrientations_iPad = "UIInterfaceOrientationPortrait UIInterfaceOrientationPortraitUpsideDown UIInterfaceOrientationLandscapeLeft UIInterfaceOrientationLandscapeRight";
				INFOPLIST_KEY_UISupportedInterfaceOrientations_iPhone = "UIInterfaceOrientationPortrait UIInterfaceOrientationLandscapeLeft UIInterfaceOrientationLandscapeRight";
				LD_RUNPATH_SEARCH_PATHS = (
					"$(inherited)",
					"@executable_path/Frameworks",
				);
				MARKETING_VERSION = 1.0;
				PRODUCT_BUNDLE_IDENTIFIER = "com.beatrizlds.Perfil-Peludo";
				PRODUCT_NAME = "$(TARGET_NAME)";
				SWIFT_EMIT_LOC_STRINGS = YES;
				SWIFT_VERSION = 5.0;
				TARGETED_DEVICE_FAMILY = "1,2";
			};
			name = Debug;
		};
		FFA15751282E935400E2ECED /* Release */ = {
			isa = XCBuildConfiguration;
			buildSettings = {
				ASSETCATALOG_COMPILER_APPICON_NAME = AppIcon;
				ASSETCATALOG_COMPILER_GLOBAL_ACCENT_COLOR_NAME = AccentColor;
				CODE_SIGN_STYLE = Automatic;
				CURRENT_PROJECT_VERSION = 1;
				DEVELOPMENT_ASSET_PATHS = "\"Perfil_Peludo/Preview Content\"";
				DEVELOPMENT_TEAM = NTS86MKTBV;
				ENABLE_PREVIEWS = YES;
				GENERATE_INFOPLIST_FILE = YES;
				INFOPLIST_KEY_UIApplicationSceneManifest_Generation = YES;
				INFOPLIST_KEY_UIApplicationSupportsIndirectInputEvents = YES;
				INFOPLIST_KEY_UILaunchScreen_Generation = YES;
				INFOPLIST_KEY_UISupportedInterfaceOrientations_iPad = "UIInterfaceOrientationPortrait UIInterfaceOrientationPortraitUpsideDown UIInterfaceOrientationLandscapeLeft UIInterfaceOrientationLandscapeRight";
				INFOPLIST_KEY_UISupportedInterfaceOrientations_iPhone = "UIInterfaceOrientationPortrait UIInterfaceOrientationLandscapeLeft UIInterfaceOrientationLandscapeRight";
				LD_RUNPATH_SEARCH_PATHS = (
					"$(inherited)",
					"@executable_path/Frameworks",
				);
				MARKETING_VERSION = 1.0;
				PRODUCT_BUNDLE_IDENTIFIER = "com.beatrizlds.Perfil-Peludo";
				PRODUCT_NAME = "$(TARGET_NAME)";
				SWIFT_EMIT_LOC_STRINGS = YES;
				SWIFT_VERSION = 5.0;
				TARGETED_DEVICE_FAMILY = "1,2";
			};
			name = Release;
		};
		FFA15753282E935400E2ECED /* Debug */ = {
			isa = XCBuildConfiguration;
			buildSettings = {
				ALWAYS_EMBED_SWIFT_STANDARD_LIBRARIES = YES;
				BUNDLE_LOADER = "$(TEST_HOST)";
				CODE_SIGN_STYLE = Automatic;
				CURRENT_PROJECT_VERSION = 1;
				GENERATE_INFOPLIST_FILE = YES;
				IPHONEOS_DEPLOYMENT_TARGET = 15.4;
				MARKETING_VERSION = 1.0;
				PRODUCT_BUNDLE_IDENTIFIER = "com.beatrizlds.Perfil-PeludoTests";
				PRODUCT_NAME = "$(TARGET_NAME)";
				SWIFT_EMIT_LOC_STRINGS = NO;
				SWIFT_VERSION = 5.0;
				TARGETED_DEVICE_FAMILY = "1,2";
				TEST_HOST = "$(BUILT_PRODUCTS_DIR)/Perfil_Peludo.app/Perfil_Peludo";
			};
			name = Debug;
		};
		FFA15754282E935400E2ECED /* Release */ = {
			isa = XCBuildConfiguration;
			buildSettings = {
				ALWAYS_EMBED_SWIFT_STANDARD_LIBRARIES = YES;
				BUNDLE_LOADER = "$(TEST_HOST)";
				CODE_SIGN_STYLE = Automatic;
				CURRENT_PROJECT_VERSION = 1;
				GENERATE_INFOPLIST_FILE = YES;
				IPHONEOS_DEPLOYMENT_TARGET = 15.4;
				MARKETING_VERSION = 1.0;
				PRODUCT_BUNDLE_IDENTIFIER = "com.beatrizlds.Perfil-PeludoTests";
				PRODUCT_NAME = "$(TARGET_NAME)";
				SWIFT_EMIT_LOC_STRINGS = NO;
				SWIFT_VERSION = 5.0;
				TARGETED_DEVICE_FAMILY = "1,2";
				TEST_HOST = "$(BUILT_PRODUCTS_DIR)/Perfil_Peludo.app/Perfil_Peludo";
			};
			name = Release;
		};
		FFA15756282E935400E2ECED /* Debug */ = {
			isa = XCBuildConfiguration;
			buildSettings = {
				ALWAYS_EMBED_SWIFT_STANDARD_LIBRARIES = YES;
				CODE_SIGN_STYLE = Automatic;
				CURRENT_PROJECT_VERSION = 1;
				GENERATE_INFOPLIST_FILE = YES;
				MARKETING_VERSION = 1.0;
				PRODUCT_BUNDLE_IDENTIFIER = "com.beatrizlds.Perfil-PeludoUITests";
				PRODUCT_NAME = "$(TARGET_NAME)";
				SWIFT_EMIT_LOC_STRINGS = NO;
				SWIFT_VERSION = 5.0;
				TARGETED_DEVICE_FAMILY = "1,2";
				TEST_TARGET_NAME = Perfil_Peludo;
			};
			name = Debug;
		};
		FFA15757282E935400E2ECED /* Release */ = {
			isa = XCBuildConfiguration;
			buildSettings = {
				ALWAYS_EMBED_SWIFT_STANDARD_LIBRARIES = YES;
				CODE_SIGN_STYLE = Automatic;
				CURRENT_PROJECT_VERSION = 1;
				GENERATE_INFOPLIST_FILE = YES;
				MARKETING_VERSION = 1.0;
				PRODUCT_BUNDLE_IDENTIFIER = "com.beatrizlds.Perfil-PeludoUITests";
				PRODUCT_NAME = "$(TARGET_NAME)";
				SWIFT_EMIT_LOC_STRINGS = NO;
				SWIFT_VERSION = 5.0;
				TARGETED_DEVICE_FAMILY = "1,2";
				TEST_TARGET_NAME = Perfil_Peludo;
			};
			name = Release;
		};
/* End XCBuildConfiguration section */

/* Begin XCConfigurationList section */
		FFA15726282E935400E2ECED /* Build configuration list for PBXProject "Perfil_Peludo" */ = {
			isa = XCConfigurationList;
			buildConfigurations = (
				FFA1574D282E935400E2ECED /* Debug */,
				FFA1574E282E935400E2ECED /* Release */,
			);
			defaultConfigurationIsVisible = 0;
			defaultConfigurationName = Release;
		};
		FFA1574F282E935400E2ECED /* Build configuration list for PBXNativeTarget "Perfil_Peludo" */ = {
			isa = XCConfigurationList;
			buildConfigurations = (
				FFA15750282E935400E2ECED /* Debug */,
				FFA15751282E935400E2ECED /* Release */,
			);
			defaultConfigurationIsVisible = 0;
			defaultConfigurationName = Release;
		};
		FFA15752282E935400E2ECED /* Build configuration list for PBXNativeTarget "Perfil_PeludoTests" */ = {
			isa = XCConfigurationList;
			buildConfigurations = (
				FFA15753282E935400E2ECED /* Debug */,
				FFA15754282E935400E2ECED /* Release */,
			);
			defaultConfigurationIsVisible = 0;
			defaultConfigurationName = Release;
		};
		FFA15755282E935400E2ECED /* Build configuration list for PBXNativeTarget "Perfil_PeludoUITests" */ = {
			isa = XCConfigurationList;
			buildConfigurations = (
				FFA15756282E935400E2ECED /* Debug */,
				FFA15757282E935400E2ECED /* Release */,
			);
			defaultConfigurationIsVisible = 0;
			defaultConfigurationName = Release;
		};
/* End XCConfigurationList section */
	};
	rootObject = FFA15723282E935400E2ECED /* Project object */;
}
